{
  "name": "@qtpy/state-management-query",
  "version": "0.0.7",
  "lockfileVersion": 3,
  "requires": true,
  "packages": {
    "": {
      "name": "@qtpy/state-management-query",
      "version": "0.0.7",
      "license": "MIT",
      "dependencies": {
        "@qtpy/state-management-observable": "^0.1.9"
      }
    },
    "node_modules/@qtpy/state-management-observable": {
      "version": "0.1.9",
      "resolved": "https://registry.npmjs.org/@qtpy/state-management-observable/-/state-management-observable-0.1.9.tgz",
      "integrity": "sha512-eJ9BqF54YBtqrbvgkn6RGQbHX/v9I6U708WKCemYA+zKFZVgsTxatNiqV0fQwVP3WSykXPAOYCwhh/+MvGAphw==",
      "license": "MIT"
    }
  }
}
