{
  "name": "@qtpy/state-management-query",
  "version": "0.0.3",
  "lockfileVersion": 3,
  "requires": true,
  "packages": {
    "": {
      "name": "@qtpy/state-management-query",
      "version": "0.0.3",
      "license": "MIT",
      "dependencies": {
        "@qtpy/state-management-observable": "^0.1.3"
      }
    },
    "node_modules/@qtpy/state-management-observable": {
      "version": "0.1.3",
      "resolved": "https://registry.npmjs.org/@qtpy/state-management-observable/-/state-management-observable-0.1.3.tgz",
      "integrity": "sha512-i7w+Ty0woCWHCNyB70EfCe0nhqvkiVfZfEi7Ah+uWNqDPTNTnqmq09z92V78WpOMScsmjVW9Lmi0Hvu30BFwhA==",
      "license": "MIT"
    }
  }
}
