{
  "name": "@qtpy/state-management-query",
  "version": "0.0.1",
  "lockfileVersion": 3,
  "requires": true,
  "packages": {
    "": {
      "name": "@qtpy/state-management-query",
      "version": "0.0.1",
      "dependencies": {
        "@qtpy/state-management-observable": "^0.0.5"
      }
    },
    "node_modules/@qtpy/state-management-observable": {
      "version": "0.0.5",
      "resolved": "https://registry.npmjs.org/@qtpy/state-management-observable/-/state-management-observable-0.0.5.tgz",
      "integrity": "sha512-xUVRrSy20Fwl8zEMalZ4s8qamRTa09OavmAN7G8Ebl0k3UfZCQudN3so2ec6OBr3igTO/zXDxlipQmZSmjHCyg=="
    }
  }
}
