{
  "name": "@qtpy/state-management-observable",
  "version": "0.1.7",
  "lockfileVersion": 3,
  "requires": true,
  "packages": {
    "": {
      "name": "@qtpy/state-management-observable",
      "version": "0.1.7",
      "license": "MIT"
    },
    "node_modules/@qtpy/state-management-observable": {
      "version": "0.1.5",
      "resolved": "https://registry.npmjs.org/@qtpy/state-management-observable/-/state-management-observable-0.1.5.tgz",
      "integrity": "sha512-hcmg8rTDja4mr4lx/6dLt8AXEc2u90u6hOnVHYus8YB8i7Kit2cFWYrYi0Bq3UEtGQ5ltzzBS4y/74EDXF8iQw==",
      "license": "MIT"
    }
  }
}
